
Microsoft Visual Studio Solution File, Format Version 12.00
# Visual Studio Version 17
VisualStudioVersion = 17.7.34024.191
MinimumVisualStudioVersion = 10.0.40219.1
Project("{FAE04EC0-301F-11D3-BF4B-00C04F79EFBC}") = "Z2J-104_Checkers", "Z2J-104_Checkers\Z2J-104_Checkers.csproj", "{C60C071E-7C71-45A4-AC37-72779C2C7A3D}"
EndProject
Global
	GlobalSection(SolutionConfigurationPlatforms) = preSolution
		Debug|Any CPU = Debug|Any CPU
		Release|Any CPU = Release|Any CPU
	EndGlobalSection
	GlobalSection(ProjectConfigurationPlatforms) = postSolution
		{C60C071E-7C71-45A4-AC37-72779C2C7A3D}.Debug|Any CPU.ActiveCfg = Debug|Any CPU
		{C60C071E-7C71-45A4-AC37-72779C2C7A3D}.Debug|Any CPU.Build.0 = Debug|Any CPU
		{C60C071E-7C71-45A4-AC37-72779C2C7A3D}.Release|Any CPU.ActiveCfg = Release|Any CPU
		{C60C071E-7C71-45A4-AC37-72779C2C7A3D}.Release|Any CPU.Build.0 = Release|Any CPU
	EndGlobalSection
	GlobalSection(SolutionProperties) = preSolution
		HideSolutionNode = FALSE
	EndGlobalSection
	GlobalSection(ExtensibilityGlobals) = postSolution
		SolutionGuid = {7C314DBF-68E3-4857-B2E9-8DB4CAE668EC}
	EndGlobalSection
EndGlobal
